
Microsoft Visual Studio Solution File, Format Version 12.00
# Visual Studio 15
VisualStudioVersion = 15.0.27428.2037
MinimumVisualStudioVersion = 10.0.40219.1
Project("{FAE04EC0-301F-11D3-BF4B-00C04F79EFBC}") = "LabTest2", "LabTest2\LabTest2.csproj", "{BAC5D815-1C21-4814-BC2C-61D12A39CFF7}"
EndProject
Project("{2150E333-8FDC-42A3-9474-1A3956D46DE8}") = "1.Server", "1.Server", "{D6A41526-FECF-49C2-A637-8A53C94F17FA}"
EndProject
Project("{2150E333-8FDC-42A3-9474-1A3956D46DE8}") = "2.Service", "2.Service", "{D032DF4E-807B-4261-817B-9E56841AF153}"
EndProject
Project("{2150E333-8FDC-42A3-9474-1A3956D46DE8}") = "3.Repository", "3.Repository", "{706EA447-D6AC-477B-803E-CC40F1EF2F57}"
EndProject
Project("{2150E333-8FDC-42A3-9474-1A3956D46DE8}") = "4.Model", "4.Model", "{F10DDA22-86AD-4E5B-9E27-B62A3C526955}"
EndProject
Project("{2150E333-8FDC-42A3-9474-1A3956D46DE8}") = "5.Common", "5.Common", "{FDA50E0E-6F9D-4643-96C6-6D470B9B4DC2}"
EndProject
Project("{9A19103F-16F7-4668-BE54-9A1E7A4F7556}") = "Common", "D:\4.IT\aspdotnetcore_react\Common\Common.csproj", "{A58941F0-C4D5-4C2C-B5A5-5E3171440417}"
EndProject
Project("{FAE04EC0-301F-11D3-BF4B-00C04F79EFBC}") = "Service", "Service\Service.csproj", "{17CBD7F5-F432-4EAC-90D0-B453DC73F827}"
EndProject
Project("{FAE04EC0-301F-11D3-BF4B-00C04F79EFBC}") = "Repository", "Repository\Repository.csproj", "{CD3F31F0-3562-495A-BCB4-5B666F32E56E}"
EndProject
Project("{FAE04EC0-301F-11D3-BF4B-00C04F79EFBC}") = "Model", "Model\Model.csproj", "{1DEA71CD-5880-46FD-AEBF-0B364A509516}"
EndProject
Project("{FAE04EC0-301F-11D3-BF4B-00C04F79EFBC}") = "RequestModel", "RequestModel\RequestModel.csproj", "{602C41BD-EE3D-4D15-B019-EFE035039173}"
EndProject
Project("{FAE04EC0-301F-11D3-BF4B-00C04F79EFBC}") = "ViewModel", "ViewModel\ViewModel.csproj", "{5F6B5D35-5CD8-4A41-80D8-993D9FDCDC95}"
EndProject
Global
	GlobalSection(SolutionConfigurationPlatforms) = preSolution
		Debug|Any CPU = Debug|Any CPU
		Release|Any CPU = Release|Any CPU
	EndGlobalSection
	GlobalSection(ProjectConfigurationPlatforms) = postSolution
		{BAC5D815-1C21-4814-BC2C-61D12A39CFF7}.Debug|Any CPU.ActiveCfg = Debug|Any CPU
		{BAC5D815-1C21-4814-BC2C-61D12A39CFF7}.Debug|Any CPU.Build.0 = Debug|Any CPU
		{BAC5D815-1C21-4814-BC2C-61D12A39CFF7}.Release|Any CPU.ActiveCfg = Release|Any CPU
		{BAC5D815-1C21-4814-BC2C-61D12A39CFF7}.Release|Any CPU.Build.0 = Release|Any CPU
		{A58941F0-C4D5-4C2C-B5A5-5E3171440417}.Debug|Any CPU.ActiveCfg = Debug|Any CPU
		{A58941F0-C4D5-4C2C-B5A5-5E3171440417}.Debug|Any CPU.Build.0 = Debug|Any CPU
		{A58941F0-C4D5-4C2C-B5A5-5E3171440417}.Release|Any CPU.ActiveCfg = Release|Any CPU
		{A58941F0-C4D5-4C2C-B5A5-5E3171440417}.Release|Any CPU.Build.0 = Release|Any CPU
		{17CBD7F5-F432-4EAC-90D0-B453DC73F827}.Debug|Any CPU.ActiveCfg = Debug|Any CPU
		{17CBD7F5-F432-4EAC-90D0-B453DC73F827}.Debug|Any CPU.Build.0 = Debug|Any CPU
		{17CBD7F5-F432-4EAC-90D0-B453DC73F827}.Release|Any CPU.ActiveCfg = Release|Any CPU
		{17CBD7F5-F432-4EAC-90D0-B453DC73F827}.Release|Any CPU.Build.0 = Release|Any CPU
		{CD3F31F0-3562-495A-BCB4-5B666F32E56E}.Debug|Any CPU.ActiveCfg = Debug|Any CPU
		{CD3F31F0-3562-495A-BCB4-5B666F32E56E}.Debug|Any CPU.Build.0 = Debug|Any CPU
		{CD3F31F0-3562-495A-BCB4-5B666F32E56E}.Release|Any CPU.ActiveCfg = Release|Any CPU
		{CD3F31F0-3562-495A-BCB4-5B666F32E56E}.Release|Any CPU.Build.0 = Release|Any CPU
		{1DEA71CD-5880-46FD-AEBF-0B364A509516}.Debug|Any CPU.ActiveCfg = Debug|Any CPU
		{1DEA71CD-5880-46FD-AEBF-0B364A509516}.Debug|Any CPU.Build.0 = Debug|Any CPU
		{1DEA71CD-5880-46FD-AEBF-0B364A509516}.Release|Any CPU.ActiveCfg = Release|Any CPU
		{1DEA71CD-5880-46FD-AEBF-0B364A509516}.Release|Any CPU.Build.0 = Release|Any CPU
		{602C41BD-EE3D-4D15-B019-EFE035039173}.Debug|Any CPU.ActiveCfg = Debug|Any CPU
		{602C41BD-EE3D-4D15-B019-EFE035039173}.Debug|Any CPU.Build.0 = Debug|Any CPU
		{602C41BD-EE3D-4D15-B019-EFE035039173}.Release|Any CPU.ActiveCfg = Release|Any CPU
		{602C41BD-EE3D-4D15-B019-EFE035039173}.Release|Any CPU.Build.0 = Release|Any CPU
		{5F6B5D35-5CD8-4A41-80D8-993D9FDCDC95}.Debug|Any CPU.ActiveCfg = Debug|Any CPU
		{5F6B5D35-5CD8-4A41-80D8-993D9FDCDC95}.Debug|Any CPU.Build.0 = Debug|Any CPU
		{5F6B5D35-5CD8-4A41-80D8-993D9FDCDC95}.Release|Any CPU.ActiveCfg = Release|Any CPU
		{5F6B5D35-5CD8-4A41-80D8-993D9FDCDC95}.Release|Any CPU.Build.0 = Release|Any CPU
	EndGlobalSection
	GlobalSection(SolutionProperties) = preSolution
		HideSolutionNode = FALSE
	EndGlobalSection
	GlobalSection(NestedProjects) = preSolution
		{BAC5D815-1C21-4814-BC2C-61D12A39CFF7} = {D6A41526-FECF-49C2-A637-8A53C94F17FA}
		{A58941F0-C4D5-4C2C-B5A5-5E3171440417} = {FDA50E0E-6F9D-4643-96C6-6D470B9B4DC2}
		{17CBD7F5-F432-4EAC-90D0-B453DC73F827} = {D032DF4E-807B-4261-817B-9E56841AF153}
		{CD3F31F0-3562-495A-BCB4-5B666F32E56E} = {706EA447-D6AC-477B-803E-CC40F1EF2F57}
		{1DEA71CD-5880-46FD-AEBF-0B364A509516} = {F10DDA22-86AD-4E5B-9E27-B62A3C526955}
		{602C41BD-EE3D-4D15-B019-EFE035039173} = {F10DDA22-86AD-4E5B-9E27-B62A3C526955}
		{5F6B5D35-5CD8-4A41-80D8-993D9FDCDC95} = {F10DDA22-86AD-4E5B-9E27-B62A3C526955}
	EndGlobalSection
	GlobalSection(ExtensibilityGlobals) = postSolution
		SolutionGuid = {4B7E4EBB-D9CA-400D-A9F6-12BE5E4E2C4A}
	EndGlobalSection
EndGlobal
